
Microsoft Visual Studio Solution File, Format Version 12.00
# Visual Studio Version 16
VisualStudioVersion = 16.0.30114.105
MinimumVisualStudioVersion = 10.0.40219.1
Project("{FAE04EC0-301F-11D3-BF4B-00C04F79EFBC}") = "ClassLibrary1", "ClassLibrary1\ClassLibrary1.csproj", "{5C3F68D8-74E0-4233-A577-5B21A7BC6C08}"
EndProject
Project("{FAE04EC0-301F-11D3-BF4B-00C04F79EFBC}") = "ClassLibrary10", "ClassLibrary10\ClassLibrary10.csproj", "{453EC770-6211-480D-9498-D38573FBCE8B}"
EndProject
Project("{FAE04EC0-301F-11D3-BF4B-00C04F79EFBC}") = "ClassLibrary11", "ClassLibrary11\ClassLibrary11.csproj", "{2A45D6EB-560B-47BC-A3D5-6EA1B5EB2D7C}"
EndProject
Project("{FAE04EC0-301F-11D3-BF4B-00C04F79EFBC}") = "ClassLibrary12", "ClassLibrary12\ClassLibrary12.csproj", "{2F636086-BD05-4F45-A85A-C8ECAAFA24CB}"
EndProject
Project("{FAE04EC0-301F-11D3-BF4B-00C04F79EFBC}") = "ClassLibrary13", "ClassLibrary13\ClassLibrary13.csproj", "{1B9925C9-72FA-4ADA-8F94-92FD2709D40E}"
EndProject
Project("{FAE04EC0-301F-11D3-BF4B-00C04F79EFBC}") = "ClassLibrary14", "ClassLibrary14\ClassLibrary14.csproj", "{ECFEA8A3-010D-47DD-85BA-A8AF70BD39B9}"
EndProject
Project("{FAE04EC0-301F-11D3-BF4B-00C04F79EFBC}") = "ClassLibrary15", "ClassLibrary15\ClassLibrary15.csproj", "{D6BF5613-456A-4E54-968A-C0C2C3B619FF}"
EndProject
Project("{FAE04EC0-301F-11D3-BF4B-00C04F79EFBC}") = "ClassLibrary16", "ClassLibrary16\ClassLibrary16.csproj", "{6D7CCD88-7FC9-4DB3-848E-6450A4DFDF59}"
EndProject
Project("{FAE04EC0-301F-11D3-BF4B-00C04F79EFBC}") = "ClassLibrary17", "ClassLibrary17\ClassLibrary17.csproj", "{17A7F7C4-96C5-41CE-8EA0-2F992F85EFDF}"
EndProject
Project("{FAE04EC0-301F-11D3-BF4B-00C04F79EFBC}") = "ClassLibrary18", "ClassLibrary18\ClassLibrary18.csproj", "{BC2C2F7A-288F-44B1-A640-D9913FBD13AB}"
EndProject
Project("{FAE04EC0-301F-11D3-BF4B-00C04F79EFBC}") = "ClassLibrary19", "ClassLibrary19\ClassLibrary19.csproj", "{129F3FE5-71E7-4E17-83B8-8C22CD53A56B}"
EndProject
Project("{FAE04EC0-301F-11D3-BF4B-00C04F79EFBC}") = "ClassLibrary2", "ClassLibrary2\ClassLibrary2.csproj", "{43A9CF09-B968-4DE3-A08F-5C1A4C52B966}"
EndProject
Project("{FAE04EC0-301F-11D3-BF4B-00C04F79EFBC}") = "ClassLibrary20", "ClassLibrary20\ClassLibrary20.csproj", "{FE6A6A4C-2216-4B66-B053-5CCA43C8A4C3}"
EndProject
Project("{FAE04EC0-301F-11D3-BF4B-00C04F79EFBC}") = "ClassLibrary21", "ClassLibrary21\ClassLibrary21.csproj", "{ADB90B4A-BAC1-4B4A-AE04-023712936F3A}"
EndProject
Project("{FAE04EC0-301F-11D3-BF4B-00C04F79EFBC}") = "ClassLibrary22", "ClassLibrary22\ClassLibrary22.csproj", "{F4B19617-8B82-4EC1-83B5-51AE2AEF7385}"
EndProject
Project("{FAE04EC0-301F-11D3-BF4B-00C04F79EFBC}") = "ClassLibrary23", "ClassLibrary23\ClassLibrary23.csproj", "{ACE73C93-4D40-41A2-8C45-FA541DF3E481}"
EndProject
Project("{FAE04EC0-301F-11D3-BF4B-00C04F79EFBC}") = "ClassLibrary24", "ClassLibrary24\ClassLibrary24.csproj", "{585542FD-221C-4CB4-80D1-45A1B68CBD5F}"
EndProject
Project("{FAE04EC0-301F-11D3-BF4B-00C04F79EFBC}") = "ClassLibrary25", "ClassLibrary25\ClassLibrary25.csproj", "{790F0286-59B1-499D-800F-ACA237A86A3F}"
EndProject
Project("{FAE04EC0-301F-11D3-BF4B-00C04F79EFBC}") = "ClassLibrary26", "ClassLibrary26\ClassLibrary26.csproj", "{42DD8F46-B474-41EA-AD94-4C0EDCC0D504}"
EndProject
Project("{FAE04EC0-301F-11D3-BF4B-00C04F79EFBC}") = "ClassLibrary27", "ClassLibrary27\ClassLibrary27.csproj", "{D146CA99-B38F-4B71-B43F-8680CB7A7C23}"
EndProject
Project("{FAE04EC0-301F-11D3-BF4B-00C04F79EFBC}") = "ClassLibrary28", "ClassLibrary28\ClassLibrary28.csproj", "{5459089F-7EF9-44BC-BE7C-34429BD9EAC3}"
EndProject
Project("{FAE04EC0-301F-11D3-BF4B-00C04F79EFBC}") = "ClassLibrary29", "ClassLibrary29\ClassLibrary29.csproj", "{4F3A10CF-1678-43AB-8FBC-ED0EBE15CE40}"
EndProject
Project("{FAE04EC0-301F-11D3-BF4B-00C04F79EFBC}") = "ClassLibrary3", "ClassLibrary3\ClassLibrary3.csproj", "{59FDDA60-CA10-430A-A1F7-3EEF59DDA8C5}"
EndProject
Project("{FAE04EC0-301F-11D3-BF4B-00C04F79EFBC}") = "ClassLibrary30", "ClassLibrary30\ClassLibrary30.csproj", "{EAEF58A7-6379-44DD-A034-D7BC7B8E4184}"
EndProject
Project("{FAE04EC0-301F-11D3-BF4B-00C04F79EFBC}") = "ClassLibrary31", "ClassLibrary31\ClassLibrary31.csproj", "{940514AF-8166-4A24-A63A-47668D0A449C}"
EndProject
Project("{FAE04EC0-301F-11D3-BF4B-00C04F79EFBC}") = "ClassLibrary32", "ClassLibrary32\ClassLibrary32.csproj", "{FFB6870C-C9D1-4234-A539-C4E6FC0F7340}"
EndProject
Project("{FAE04EC0-301F-11D3-BF4B-00C04F79EFBC}") = "ClassLibrary33", "ClassLibrary33\ClassLibrary33.csproj", "{B2D0C444-47FC-4F39-B2B1-C0CB965B9813}"
EndProject
Project("{FAE04EC0-301F-11D3-BF4B-00C04F79EFBC}") = "ClassLibrary34", "ClassLibrary34\ClassLibrary34.csproj", "{305BA72C-2465-4360-9C5E-95153347057B}"
EndProject
Project("{FAE04EC0-301F-11D3-BF4B-00C04F79EFBC}") = "ClassLibrary35", "ClassLibrary35\ClassLibrary35.csproj", "{36963B21-8CB3-4F1B-B493-2AD3411FE7DE}"
EndProject
Project("{FAE04EC0-301F-11D3-BF4B-00C04F79EFBC}") = "ClassLibrary36", "ClassLibrary36\ClassLibrary36.csproj", "{C3390043-BA49-40B7-8E75-DE53FB34C00B}"
EndProject
Project("{FAE04EC0-301F-11D3-BF4B-00C04F79EFBC}") = "ClassLibrary37", "ClassLibrary37\ClassLibrary37.csproj", "{1F3985FA-2758-4620-8635-8BCD8E7F2ED7}"
EndProject
Project("{FAE04EC0-301F-11D3-BF4B-00C04F79EFBC}") = "ClassLibrary38", "ClassLibrary38\ClassLibrary38.csproj", "{A96685D9-7140-42D6-A0B6-3A049D57D4E5}"
EndProject
Project("{FAE04EC0-301F-11D3-BF4B-00C04F79EFBC}") = "ClassLibrary39", "ClassLibrary39\ClassLibrary39.csproj", "{1C699F68-1F1E-4AA5-AC5D-206D99270F74}"
EndProject
Project("{FAE04EC0-301F-11D3-BF4B-00C04F79EFBC}") = "ClassLibrary4", "ClassLibrary4\ClassLibrary4.csproj", "{A7E0882D-2E66-4499-B009-8397908DC14D}"
EndProject
Project("{FAE04EC0-301F-11D3-BF4B-00C04F79EFBC}") = "ClassLibrary40", "ClassLibrary40\ClassLibrary40.csproj", "{D99247CC-7D3D-458E-90BF-3F48FBCE204B}"
EndProject
Project("{FAE04EC0-301F-11D3-BF4B-00C04F79EFBC}") = "ClassLibrary41", "ClassLibrary41\ClassLibrary41.csproj", "{A1D512B3-58A4-4596-B885-FA1403DF513F}"
EndProject
Project("{FAE04EC0-301F-11D3-BF4B-00C04F79EFBC}") = "ClassLibrary42", "ClassLibrary42\ClassLibrary42.csproj", "{8BBACFA1-B27F-4D77-BB39-DEEAEFA3E87E}"
EndProject
Project("{FAE04EC0-301F-11D3-BF4B-00C04F79EFBC}") = "ClassLibrary5", "ClassLibrary5\ClassLibrary5.csproj", "{82A12AB8-168B-4461-B884-E1F9F065B042}"
EndProject
Project("{FAE04EC0-301F-11D3-BF4B-00C04F79EFBC}") = "ClassLibrary6", "ClassLibrary6\ClassLibrary6.csproj", "{F5EEA76D-7323-4489-963F-46DEE2CD84F1}"
EndProject
Project("{FAE04EC0-301F-11D3-BF4B-00C04F79EFBC}") = "ClassLibrary7", "ClassLibrary7\ClassLibrary7.csproj", "{0D77BBCB-AEC0-4EBE-9E43-B91337B5D63A}"
EndProject
Project("{FAE04EC0-301F-11D3-BF4B-00C04F79EFBC}") = "ClassLibrary8", "ClassLibrary8\ClassLibrary8.csproj", "{72258782-8D6E-44BE-A6CF-EFDF39483880}"
EndProject
Project("{FAE04EC0-301F-11D3-BF4B-00C04F79EFBC}") = "ClassLibrary9", "ClassLibrary9\ClassLibrary9.csproj", "{AB287A56-E812-4B0F-AB79-E90466230B35}"
EndProject
Global
	GlobalSection(SolutionConfigurationPlatforms) = preSolution
		Debug|Any CPU = Debug|Any CPU
		Release|Any CPU = Release|Any CPU
	EndGlobalSection
	GlobalSection(SolutionProperties) = preSolution
		HideSolutionNode = FALSE
	EndGlobalSection
	GlobalSection(ProjectConfigurationPlatforms) = postSolution
		{5C3F68D8-74E0-4233-A577-5B21A7BC6C08}.Debug|Any CPU.ActiveCfg = Debug|Any CPU
		{5C3F68D8-74E0-4233-A577-5B21A7BC6C08}.Debug|Any CPU.Build.0 = Debug|Any CPU
		{5C3F68D8-74E0-4233-A577-5B21A7BC6C08}.Release|Any CPU.ActiveCfg = Release|Any CPU
		{5C3F68D8-74E0-4233-A577-5B21A7BC6C08}.Release|Any CPU.Build.0 = Release|Any CPU
		{453EC770-6211-480D-9498-D38573FBCE8B}.Debug|Any CPU.ActiveCfg = Debug|Any CPU
		{453EC770-6211-480D-9498-D38573FBCE8B}.Debug|Any CPU.Build.0 = Debug|Any CPU
		{453EC770-6211-480D-9498-D38573FBCE8B}.Release|Any CPU.ActiveCfg = Release|Any CPU
		{453EC770-6211-480D-9498-D38573FBCE8B}.Release|Any CPU.Build.0 = Release|Any CPU
		{2A45D6EB-560B-47BC-A3D5-6EA1B5EB2D7C}.Debug|Any CPU.ActiveCfg = Debug|Any CPU
		{2A45D6EB-560B-47BC-A3D5-6EA1B5EB2D7C}.Debug|Any CPU.Build.0 = Debug|Any CPU
		{2A45D6EB-560B-47BC-A3D5-6EA1B5EB2D7C}.Release|Any CPU.ActiveCfg = Release|Any CPU
		{2A45D6EB-560B-47BC-A3D5-6EA1B5EB2D7C}.Release|Any CPU.Build.0 = Release|Any CPU
		{2F636086-BD05-4F45-A85A-C8ECAAFA24CB}.Debug|Any CPU.ActiveCfg = Debug|Any CPU
		{2F636086-BD05-4F45-A85A-C8ECAAFA24CB}.Debug|Any CPU.Build.0 = Debug|Any CPU
		{2F636086-BD05-4F45-A85A-C8ECAAFA24CB}.Release|Any CPU.ActiveCfg = Release|Any CPU
		{2F636086-BD05-4F45-A85A-C8ECAAFA24CB}.Release|Any CPU.Build.0 = Release|Any CPU
		{1B9925C9-72FA-4ADA-8F94-92FD2709D40E}.Debug|Any CPU.ActiveCfg = Debug|Any CPU
		{1B9925C9-72FA-4ADA-8F94-92FD2709D40E}.Debug|Any CPU.Build.0 = Debug|Any CPU
		{1B9925C9-72FA-4ADA-8F94-92FD2709D40E}.Release|Any CPU.ActiveCfg = Release|Any CPU
		{1B9925C9-72FA-4ADA-8F94-92FD2709D40E}.Release|Any CPU.Build.0 = Release|Any CPU
		{ECFEA8A3-010D-47DD-85BA-A8AF70BD39B9}.Debug|Any CPU.ActiveCfg = Debug|Any CPU
		{ECFEA8A3-010D-47DD-85BA-A8AF70BD39B9}.Debug|Any CPU.Build.0 = Debug|Any CPU
		{ECFEA8A3-010D-47DD-85BA-A8AF70BD39B9}.Release|Any CPU.ActiveCfg = Release|Any CPU
		{ECFEA8A3-010D-47DD-85BA-A8AF70BD39B9}.Release|Any CPU.Build.0 = Release|Any CPU
		{D6BF5613-456A-4E54-968A-C0C2C3B619FF}.Debug|Any CPU.ActiveCfg = Debug|Any CPU
		{D6BF5613-456A-4E54-968A-C0C2C3B619FF}.Debug|Any CPU.Build.0 = Debug|Any CPU
		{D6BF5613-456A-4E54-968A-C0C2C3B619FF}.Release|Any CPU.ActiveCfg = Release|Any CPU
		{D6BF5613-456A-4E54-968A-C0C2C3B619FF}.Release|Any CPU.Build.0 = Release|Any CPU
		{6D7CCD88-7FC9-4DB3-848E-6450A4DFDF59}.Debug|Any CPU.ActiveCfg = Debug|Any CPU
		{6D7CCD88-7FC9-4DB3-848E-6450A4DFDF59}.Debug|Any CPU.Build.0 = Debug|Any CPU
		{6D7CCD88-7FC9-4DB3-848E-6450A4DFDF59}.Release|Any CPU.ActiveCfg = Release|Any CPU
		{6D7CCD88-7FC9-4DB3-848E-6450A4DFDF59}.Release|Any CPU.Build.0 = Release|Any CPU
		{17A7F7C4-96C5-41CE-8EA0-2F992F85EFDF}.Debug|Any CPU.ActiveCfg = Debug|Any CPU
		{17A7F7C4-96C5-41CE-8EA0-2F992F85EFDF}.Debug|Any CPU.Build.0 = Debug|Any CPU
		{17A7F7C4-96C5-41CE-8EA0-2F992F85EFDF}.Release|Any CPU.ActiveCfg = Release|Any CPU
		{17A7F7C4-96C5-41CE-8EA0-2F992F85EFDF}.Release|Any CPU.Build.0 = Release|Any CPU
		{BC2C2F7A-288F-44B1-A640-D9913FBD13AB}.Debug|Any CPU.ActiveCfg = Debug|Any CPU
		{BC2C2F7A-288F-44B1-A640-D9913FBD13AB}.Debug|Any CPU.Build.0 = Debug|Any CPU
		{BC2C2F7A-288F-44B1-A640-D9913FBD13AB}.Release|Any CPU.ActiveCfg = Release|Any CPU
		{BC2C2F7A-288F-44B1-A640-D9913FBD13AB}.Release|Any CPU.Build.0 = Release|Any CPU
		{129F3FE5-71E7-4E17-83B8-8C22CD53A56B}.Debug|Any CPU.ActiveCfg = Debug|Any CPU
		{129F3FE5-71E7-4E17-83B8-8C22CD53A56B}.Debug|Any CPU.Build.0 = Debug|Any CPU
		{129F3FE5-71E7-4E17-83B8-8C22CD53A56B}.Release|Any CPU.ActiveCfg = Release|Any CPU
		{129F3FE5-71E7-4E17-83B8-8C22CD53A56B}.Release|Any CPU.Build.0 = Release|Any CPU
		{43A9CF09-B968-4DE3-A08F-5C1A4C52B966}.Debug|Any CPU.ActiveCfg = Debug|Any CPU
		{43A9CF09-B968-4DE3-A08F-5C1A4C52B966}.Debug|Any CPU.Build.0 = Debug|Any CPU
		{43A9CF09-B968-4DE3-A08F-5C1A4C52B966}.Release|Any CPU.ActiveCfg = Release|Any CPU
		{43A9CF09-B968-4DE3-A08F-5C1A4C52B966}.Release|Any CPU.Build.0 = Release|Any CPU
		{FE6A6A4C-2216-4B66-B053-5CCA43C8A4C3}.Debug|Any CPU.ActiveCfg = Debug|Any CPU
		{FE6A6A4C-2216-4B66-B053-5CCA43C8A4C3}.Debug|Any CPU.Build.0 = Debug|Any CPU
		{FE6A6A4C-2216-4B66-B053-5CCA43C8A4C3}.Release|Any CPU.ActiveCfg = Release|Any CPU
		{FE6A6A4C-2216-4B66-B053-5CCA43C8A4C3}.Release|Any CPU.Build.0 = Release|Any CPU
		{ADB90B4A-BAC1-4B4A-AE04-023712936F3A}.Debug|Any CPU.ActiveCfg = Debug|Any CPU
		{ADB90B4A-BAC1-4B4A-AE04-023712936F3A}.Debug|Any CPU.Build.0 = Debug|Any CPU
		{ADB90B4A-BAC1-4B4A-AE04-023712936F3A}.Release|Any CPU.ActiveCfg = Release|Any CPU
		{ADB90B4A-BAC1-4B4A-AE04-023712936F3A}.Release|Any CPU.Build.0 = Release|Any CPU
		{F4B19617-8B82-4EC1-83B5-51AE2AEF7385}.Debug|Any CPU.ActiveCfg = Debug|Any CPU
		{F4B19617-8B82-4EC1-83B5-51AE2AEF7385}.Debug|Any CPU.Build.0 = Debug|Any CPU
		{F4B19617-8B82-4EC1-83B5-51AE2AEF7385}.Release|Any CPU.ActiveCfg = Release|Any CPU
		{F4B19617-8B82-4EC1-83B5-51AE2AEF7385}.Release|Any CPU.Build.0 = Release|Any CPU
		{ACE73C93-4D40-41A2-8C45-FA541DF3E481}.Debug|Any CPU.ActiveCfg = Debug|Any CPU
		{ACE73C93-4D40-41A2-8C45-FA541DF3E481}.Debug|Any CPU.Build.0 = Debug|Any CPU
		{ACE73C93-4D40-41A2-8C45-FA541DF3E481}.Release|Any CPU.ActiveCfg = Release|Any CPU
		{ACE73C93-4D40-41A2-8C45-FA541DF3E481}.Release|Any CPU.Build.0 = Release|Any CPU
		{585542FD-221C-4CB4-80D1-45A1B68CBD5F}.Debug|Any CPU.ActiveCfg = Debug|Any CPU
		{585542FD-221C-4CB4-80D1-45A1B68CBD5F}.Debug|Any CPU.Build.0 = Debug|Any CPU
		{585542FD-221C-4CB4-80D1-45A1B68CBD5F}.Release|Any CPU.ActiveCfg = Release|Any CPU
		{585542FD-221C-4CB4-80D1-45A1B68CBD5F}.Release|Any CPU.Build.0 = Release|Any CPU
		{790F0286-59B1-499D-800F-ACA237A86A3F}.Debug|Any CPU.ActiveCfg = Debug|Any CPU
		{790F0286-59B1-499D-800F-ACA237A86A3F}.Debug|Any CPU.Build.0 = Debug|Any CPU
		{790F0286-59B1-499D-800F-ACA237A86A3F}.Release|Any CPU.ActiveCfg = Release|Any CPU
		{790F0286-59B1-499D-800F-ACA237A86A3F}.Release|Any CPU.Build.0 = Release|Any CPU
		{42DD8F46-B474-41EA-AD94-4C0EDCC0D504}.Debug|Any CPU.ActiveCfg = Debug|Any CPU
		{42DD8F46-B474-41EA-AD94-4C0EDCC0D504}.Debug|Any CPU.Build.0 = Debug|Any CPU
		{42DD8F46-B474-41EA-AD94-4C0EDCC0D504}.Release|Any CPU.ActiveCfg = Release|Any CPU
		{42DD8F46-B474-41EA-AD94-4C0EDCC0D504}.Release|Any CPU.Build.0 = Release|Any CPU
		{D146CA99-B38F-4B71-B43F-8680CB7A7C23}.Debug|Any CPU.ActiveCfg = Debug|Any CPU
		{D146CA99-B38F-4B71-B43F-8680CB7A7C23}.Debug|Any CPU.Build.0 = Debug|Any CPU
		{D146CA99-B38F-4B71-B43F-8680CB7A7C23}.Release|Any CPU.ActiveCfg = Release|Any CPU
		{D146CA99-B38F-4B71-B43F-8680CB7A7C23}.Release|Any CPU.Build.0 = Release|Any CPU
		{5459089F-7EF9-44BC-BE7C-34429BD9EAC3}.Debug|Any CPU.ActiveCfg = Debug|Any CPU
		{5459089F-7EF9-44BC-BE7C-34429BD9EAC3}.Debug|Any CPU.Build.0 = Debug|Any CPU
		{5459089F-7EF9-44BC-BE7C-34429BD9EAC3}.Release|Any CPU.ActiveCfg = Release|Any CPU
		{5459089F-7EF9-44BC-BE7C-34429BD9EAC3}.Release|Any CPU.Build.0 = Release|Any CPU
		{4F3A10CF-1678-43AB-8FBC-ED0EBE15CE40}.Debug|Any CPU.ActiveCfg = Debug|Any CPU
		{4F3A10CF-1678-43AB-8FBC-ED0EBE15CE40}.Debug|Any CPU.Build.0 = Debug|Any CPU
		{4F3A10CF-1678-43AB-8FBC-ED0EBE15CE40}.Release|Any CPU.ActiveCfg = Release|Any CPU
		{4F3A10CF-1678-43AB-8FBC-ED0EBE15CE40}.Release|Any CPU.Build.0 = Release|Any CPU
		{59FDDA60-CA10-430A-A1F7-3EEF59DDA8C5}.Debug|Any CPU.ActiveCfg = Debug|Any CPU
		{59FDDA60-CA10-430A-A1F7-3EEF59DDA8C5}.Debug|Any CPU.Build.0 = Debug|Any CPU
		{59FDDA60-CA10-430A-A1F7-3EEF59DDA8C5}.Release|Any CPU.ActiveCfg = Release|Any CPU
		{59FDDA60-CA10-430A-A1F7-3EEF59DDA8C5}.Release|Any CPU.Build.0 = Release|Any CPU
		{EAEF58A7-6379-44DD-A034-D7BC7B8E4184}.Debug|Any CPU.ActiveCfg = Debug|Any CPU
		{EAEF58A7-6379-44DD-A034-D7BC7B8E4184}.Debug|Any CPU.Build.0 = Debug|Any CPU
		{EAEF58A7-6379-44DD-A034-D7BC7B8E4184}.Release|Any CPU.ActiveCfg = Release|Any CPU
		{EAEF58A7-6379-44DD-A034-D7BC7B8E4184}.Release|Any CPU.Build.0 = Release|Any CPU
		{940514AF-8166-4A24-A63A-47668D0A449C}.Debug|Any CPU.ActiveCfg = Debug|Any CPU
		{940514AF-8166-4A24-A63A-47668D0A449C}.Debug|Any CPU.Build.0 = Debug|Any CPU
		{940514AF-8166-4A24-A63A-47668D0A449C}.Release|Any CPU.ActiveCfg = Release|Any CPU
		{940514AF-8166-4A24-A63A-47668D0A449C}.Release|Any CPU.Build.0 = Release|Any CPU
		{FFB6870C-C9D1-4234-A539-C4E6FC0F7340}.Debug|Any CPU.ActiveCfg = Debug|Any CPU
		{FFB6870C-C9D1-4234-A539-C4E6FC0F7340}.Debug|Any CPU.Build.0 = Debug|Any CPU
		{FFB6870C-C9D1-4234-A539-C4E6FC0F7340}.Release|Any CPU.ActiveCfg = Release|Any CPU
		{FFB6870C-C9D1-4234-A539-C4E6FC0F7340}.Release|Any CPU.Build.0 = Release|Any CPU
		{B2D0C444-47FC-4F39-B2B1-C0CB965B9813}.Debug|Any CPU.ActiveCfg = Debug|Any CPU
		{B2D0C444-47FC-4F39-B2B1-C0CB965B9813}.Debug|Any CPU.Build.0 = Debug|Any CPU
		{B2D0C444-47FC-4F39-B2B1-C0CB965B9813}.Release|Any CPU.ActiveCfg = Release|Any CPU
		{B2D0C444-47FC-4F39-B2B1-C0CB965B9813}.Release|Any CPU.Build.0 = Release|Any CPU
		{305BA72C-2465-4360-9C5E-95153347057B}.Debug|Any CPU.ActiveCfg = Debug|Any CPU
		{305BA72C-2465-4360-9C5E-95153347057B}.Debug|Any CPU.Build.0 = Debug|Any CPU
		{305BA72C-2465-4360-9C5E-95153347057B}.Release|Any CPU.ActiveCfg = Release|Any CPU
		{305BA72C-2465-4360-9C5E-95153347057B}.Release|Any CPU.Build.0 = Release|Any CPU
		{36963B21-8CB3-4F1B-B493-2AD3411FE7DE}.Debug|Any CPU.ActiveCfg = Debug|Any CPU
		{36963B21-8CB3-4F1B-B493-2AD3411FE7DE}.Debug|Any CPU.Build.0 = Debug|Any CPU
		{36963B21-8CB3-4F1B-B493-2AD3411FE7DE}.Release|Any CPU.ActiveCfg = Release|Any CPU
		{36963B21-8CB3-4F1B-B493-2AD3411FE7DE}.Release|Any CPU.Build.0 = Release|Any CPU
		{C3390043-BA49-40B7-8E75-DE53FB34C00B}.Debug|Any CPU.ActiveCfg = Debug|Any CPU
		{C3390043-BA49-40B7-8E75-DE53FB34C00B}.Debug|Any CPU.Build.0 = Debug|Any CPU
		{C3390043-BA49-40B7-8E75-DE53FB34C00B}.Release|Any CPU.ActiveCfg = Release|Any CPU
		{C3390043-BA49-40B7-8E75-DE53FB34C00B}.Release|Any CPU.Build.0 = Release|Any CPU
		{1F3985FA-2758-4620-8635-8BCD8E7F2ED7}.Debug|Any CPU.ActiveCfg = Debug|Any CPU
		{1F3985FA-2758-4620-8635-8BCD8E7F2ED7}.Debug|Any CPU.Build.0 = Debug|Any CPU
		{1F3985FA-2758-4620-8635-8BCD8E7F2ED7}.Release|Any CPU.ActiveCfg = Release|Any CPU
		{1F3985FA-2758-4620-8635-8BCD8E7F2ED7}.Release|Any CPU.Build.0 = Release|Any CPU
		{A96685D9-7140-42D6-A0B6-3A049D57D4E5}.Debug|Any CPU.ActiveCfg = Debug|Any CPU
		{A96685D9-7140-42D6-A0B6-3A049D57D4E5}.Debug|Any CPU.Build.0 = Debug|Any CPU
		{A96685D9-7140-42D6-A0B6-3A049D57D4E5}.Release|Any CPU.ActiveCfg = Release|Any CPU
		{A96685D9-7140-42D6-A0B6-3A049D57D4E5}.Release|Any CPU.Build.0 = Release|Any CPU
		{1C699F68-1F1E-4AA5-AC5D-206D99270F74}.Debug|Any CPU.ActiveCfg = Debug|Any CPU
		{1C699F68-1F1E-4AA5-AC5D-206D99270F74}.Debug|Any CPU.Build.0 = Debug|Any CPU
		{1C699F68-1F1E-4AA5-AC5D-206D99270F74}.Release|Any CPU.ActiveCfg = Release|Any CPU
		{1C699F68-1F1E-4AA5-AC5D-206D99270F74}.Release|Any CPU.Build.0 = Release|Any CPU
		{A7E0882D-2E66-4499-B009-8397908DC14D}.Debug|Any CPU.ActiveCfg = Debug|Any CPU
		{A7E0882D-2E66-4499-B009-8397908DC14D}.Debug|Any CPU.Build.0 = Debug|Any CPU
		{A7E0882D-2E66-4499-B009-8397908DC14D}.Release|Any CPU.ActiveCfg = Release|Any CPU
		{A7E0882D-2E66-4499-B009-8397908DC14D}.Release|Any CPU.Build.0 = Release|Any CPU
		{D99247CC-7D3D-458E-90BF-3F48FBCE204B}.Debug|Any CPU.ActiveCfg = Debug|Any CPU
		{D99247CC-7D3D-458E-90BF-3F48FBCE204B}.Debug|Any CPU.Build.0 = Debug|Any CPU
		{D99247CC-7D3D-458E-90BF-3F48FBCE204B}.Release|Any CPU.ActiveCfg = Release|Any CPU
		{D99247CC-7D3D-458E-90BF-3F48FBCE204B}.Release|Any CPU.Build.0 = Release|Any CPU
		{A1D512B3-58A4-4596-B885-FA1403DF513F}.Debug|Any CPU.ActiveCfg = Debug|Any CPU
		{A1D512B3-58A4-4596-B885-FA1403DF513F}.Debug|Any CPU.Build.0 = Debug|Any CPU
		{A1D512B3-58A4-4596-B885-FA1403DF513F}.Release|Any CPU.ActiveCfg = Release|Any CPU
		{A1D512B3-58A4-4596-B885-FA1403DF513F}.Release|Any CPU.Build.0 = Release|Any CPU
		{8BBACFA1-B27F-4D77-BB39-DEEAEFA3E87E}.Debug|Any CPU.ActiveCfg = Debug|Any CPU
		{8BBACFA1-B27F-4D77-BB39-DEEAEFA3E87E}.Debug|Any CPU.Build.0 = Debug|Any CPU
		{8BBACFA1-B27F-4D77-BB39-DEEAEFA3E87E}.Release|Any CPU.ActiveCfg = Release|Any CPU
		{8BBACFA1-B27F-4D77-BB39-DEEAEFA3E87E}.Release|Any CPU.Build.0 = Release|Any CPU
		{82A12AB8-168B-4461-B884-E1F9F065B042}.Debug|Any CPU.ActiveCfg = Debug|Any CPU
		{82A12AB8-168B-4461-B884-E1F9F065B042}.Debug|Any CPU.Build.0 = Debug|Any CPU
		{82A12AB8-168B-4461-B884-E1F9F065B042}.Release|Any CPU.ActiveCfg = Release|Any CPU
		{82A12AB8-168B-4461-B884-E1F9F065B042}.Release|Any CPU.Build.0 = Release|Any CPU
		{F5EEA76D-7323-4489-963F-46DEE2CD84F1}.Debug|Any CPU.ActiveCfg = Debug|Any CPU
		{F5EEA76D-7323-4489-963F-46DEE2CD84F1}.Debug|Any CPU.Build.0 = Debug|Any CPU
		{F5EEA76D-7323-4489-963F-46DEE2CD84F1}.Release|Any CPU.ActiveCfg = Release|Any CPU
		{F5EEA76D-7323-4489-963F-46DEE2CD84F1}.Release|Any CPU.Build.0 = Release|Any CPU
		{0D77BBCB-AEC0-4EBE-9E43-B91337B5D63A}.Debug|Any CPU.ActiveCfg = Debug|Any CPU
		{0D77BBCB-AEC0-4EBE-9E43-B91337B5D63A}.Debug|Any CPU.Build.0 = Debug|Any CPU
		{0D77BBCB-AEC0-4EBE-9E43-B91337B5D63A}.Release|Any CPU.ActiveCfg = Release|Any CPU
		{0D77BBCB-AEC0-4EBE-9E43-B91337B5D63A}.Release|Any CPU.Build.0 = Release|Any CPU
		{72258782-8D6E-44BE-A6CF-EFDF39483880}.Debug|Any CPU.ActiveCfg = Debug|Any CPU
		{72258782-8D6E-44BE-A6CF-EFDF39483880}.Debug|Any CPU.Build.0 = Debug|Any CPU
		{72258782-8D6E-44BE-A6CF-EFDF39483880}.Release|Any CPU.ActiveCfg = Release|Any CPU
		{72258782-8D6E-44BE-A6CF-EFDF39483880}.Release|Any CPU.Build.0 = Release|Any CPU
		{AB287A56-E812-4B0F-AB79-E90466230B35}.Debug|Any CPU.ActiveCfg = Debug|Any CPU
		{AB287A56-E812-4B0F-AB79-E90466230B35}.Debug|Any CPU.Build.0 = Debug|Any CPU
		{AB287A56-E812-4B0F-AB79-E90466230B35}.Release|Any CPU.ActiveCfg = Release|Any CPU
		{AB287A56-E812-4B0F-AB79-E90466230B35}.Release|Any CPU.Build.0 = Release|Any CPU
	EndGlobalSection
EndGlobal
